lockfileVersion: '9.0'

settings:
  autoInstallPeers: true
  excludeLinksFromLockfile: false

importers:

  .: {}

  apps/source_control: {}

  packages/adapters/source_control/persistence/event_store: {}

  packages/adapters/source_control/persistence/postgres: {}

  packages/adapters/source_control/presentation/event_store: {}

  packages/adapters/source_control/presentation/rest: {}

  packages/applications/source_control: {}

  packages/domains/source_control: {}

  packages/utils/derive_id: {}

  packages/utils/event_store: {}
